
Microsoft Visual Studio Solution File, Format Version 12.00
# Visual Studio Version 17
VisualStudioVersion = 17.11.35222.181
MinimumVisualStudioVersion = 10.0.40219.1
Project("{9A19103F-16F7-4668-BE54-9A1E7A4F7556}") = "lgthinqapi", "src\lgthinqapi\lgthinqapi.csproj", "{EF8DDF1A-F9E9-4623-8588-7524CD9334CC}"
EndProject
Project("{2150E333-8FDC-42A3-9474-1A3956D46DE8}") = "Solution Items", "Solution Items", "{6449AAD1-BB8E-48A3-8451-CF021CBECDB8}"
	ProjectSection(SolutionItems) = preProject
		README.md = README.md
	EndProjectSection
EndProject
Global
	GlobalSection(SolutionConfigurationPlatforms) = preSolution
		Debug|Any CPU = Debug|Any CPU
		Release|Any CPU = Release|Any CPU
	EndGlobalSection
	GlobalSection(ProjectConfigurationPlatforms) = postSolution
		{EF8DDF1A-F9E9-4623-8588-7524CD9334CC}.Debug|Any CPU.ActiveCfg = Debug|Any CPU
		{EF8DDF1A-F9E9-4623-8588-7524CD9334CC}.Debug|Any CPU.Build.0 = Debug|Any CPU
		{EF8DDF1A-F9E9-4623-8588-7524CD9334CC}.Release|Any CPU.ActiveCfg = Release|Any CPU
		{EF8DDF1A-F9E9-4623-8588-7524CD9334CC}.Release|Any CPU.Build.0 = Release|Any CPU
	EndGlobalSection
	GlobalSection(SolutionProperties) = preSolution
		HideSolutionNode = FALSE
	EndGlobalSection
	GlobalSection(ExtensibilityGlobals) = postSolution
		SolutionGuid = {E7A6280E-788F-4DE7-A4ED-8B438A254448}
	EndGlobalSection
EndGlobal
